lockfileVersion: '9.0'

settings:
  autoInstallPeers: true
  excludeLinksFromLockfile: false

importers:

  .:
    devDependencies:
      node:
        specifier: runtime:26.3.0
        version: runtime:26.3.0
      rolldown:
        specifier: 1.1.1
        version: 1.1.1

packages:

  '@emnapi/core@1.11.0':
    resolution: {integrity: sha512-l9Oo58x0HOP5znGzVhYW9U3e5wVuA4LAZU2AGezTmkhO1CgQRFDhDg4nneHsu/t3WniXg9QrG2nIXL/ZS8ln8Q==}

  '@emnapi/runtime@1.11.0':
    resolution: {integrity: sha512-55coeOFKHv1ywEcUXJtWU5f+Jr/W5tZDvZig8DLKSwUN1JpROQ4rk/SNOQiFWmaR/VKF4zuFyW1B8JduOSv6Pg==}

  '@emnapi/wasi-threads@1.2.2':
    resolution: {integrity: sha512-c95qOXkHdydNKhscBTebqEC1CVAZpyqOfVfBzQ1qgzyl3gfeldUjIggDbIZgDKsHLgnsM+igH7TJ/eAasaVuMA==}

  '@napi-rs/wasm-runtime@1.1.5':
    resolution: {integrity: sha512-AWPoBRJ9tsnVhor4sjO7rkni+7p+2IAEFj6cx06UgP10jkQHqay/36uRV/bFkgrh18D9vb4cr8Q0Pthskgzy+Q==}
    peerDependencies:
      '@emnapi/core': ^1.7.1
      '@emnapi/runtime': ^1.7.1

  '@oxc-project/types@0.135.0':
    resolution: {integrity: sha512-wR+xRdFkUBMvcAjBJ2q2kcZM6d+DKu2NgoOyxZgYwZdLhmiv6+rnO8PZ/P68kMiZtIKm+pW7zyEJ4kSOs0vo+Q==}

  '@rolldown/binding-android-arm64@1.1.1':
    resolution: {integrity: sha512-BLf9Wak/gfwVb7NQTQW4wBgL3oAfPy7ArEkhwV543OVw/uY6B47z5xYsqPSZ9PDOorvURPinws6ThaFuNgGLgA==}
    engines: {node: ^20.19.0 || >=22.12.0}
    cpu: [arm64]
    os: [android]

  '@rolldown/binding-darwin-arm64@1.1.1':
    resolution: {integrity: sha512-rRZRPy/Ynb+Mxu0O6tfPldHeDgAn0sRij+IOUy6sFdUlv3hArGW/DloE3GfAxtqpOJuRNgF74Nr5gM4xBeU2jQ==}
    engines: {node: ^20.19.0 || >=22.12.0}
    cpu: [arm64]
    os: [darwin]

  '@rolldown/binding-darwin-x64@1.1.1':
    resolution: {integrity: sha512-/MtefPxhKPyWWFM8L45OWiEqRf+eSU2Qv9ZAyTaoZOoGcoPKxbbhjTJO2/U2IThv0uDZ4NWHc3/oTsR6IEOtww==}
    engines: {node: ^20.19.0 || >=22.12.0}
    cpu: [x64]
    os: [darwin]

  '@rolldown/binding-freebsd-x64@1.1.1':
    resolution: {integrity: sha512-202K+cpIi1kx/Zn7AtxBi4LTXSY67Aszb2K9rNsuW7FeBeh0nqoNmYLOSZidV0p88VPBzMmTZcHAdPNo3kRYzQ==}
    engines: {node: ^20.19.0 || >=22.12.0}
    cpu: [x64]
    os: [freebsd]

  '@rolldown/binding-linux-arm-gnueabihf@1.1.1':
    resolution: {integrity: sha512-wl9NfeXNUwrXtUc063tddmZFUI6qiNs1CNOwni0OL4vC7MqVSYugra3ZgtDmtVy8e0DluJTENmzIv2BwqLzT4Q==}
    engines: {node: ^20.19.0 || >=22.12.0}
    cpu: [arm]
    os: [linux]

  '@rolldown/binding-linux-arm64-gnu@1.1.1':
    resolution: {integrity: sha512-at2EO4o7D/PJLC4Xik16bU4CcjQE2tSv1LfqMA0TRYQYQihRm3gZeDB8xaX28A9SFedibcAk5DeMCKt4REKG0A==}
    engines: {node: ^20.19.0 || >=22.12.0}
    cpu: [arm64]
    os: [linux]
    libc: [glibc]

  '@rolldown/binding-linux-arm64-musl@1.1.1':
    resolution: {integrity: sha512-5PUjZx366h9tkJTPJF5eibxOlK3sGoeRiBJLLjjEB5/kLDuhr6qB3LkhqLz1smXNgsX+pBhnbcJBrPE30HznAA==}
    engines: {node: ^20.19.0 || >=22.12.0}
    cpu: [arm64]
    os: [linux]
    libc: [musl]

  '@rolldown/binding-linux-ppc64-gnu@1.1.1':
    resolution: {integrity: sha512-1WK84XPeio3tjP1sM/TMXiC0G1i1iq1qGZ71KfNQjEFLU1kwD+Cv5T8nGySg/JUFwLbaScu6ve9DmeXlmqpkFA==}
    engines: {node: ^20.19.0 || >=22.12.0}
    cpu: [ppc64]
    os: [linux]
    libc: [glibc]

  '@rolldown/binding-linux-s390x-gnu@1.1.1':
    resolution: {integrity: sha512-1nS1X5z1uMJ369RU25hTpKCFvUwXZp12dIzlzk4S+UxCTcSVGsAE6tzkOSufv/7jnmAtK0ZlrsJxh2fGmsnVSw==}
    engines: {node: ^20.19.0 || >=22.12.0}
    cpu: [s390x]
    os: [linux]
    libc: [glibc]

  '@rolldown/binding-linux-x64-gnu@1.1.1':
    resolution: {integrity: sha512-NwX/wspnq4vYyMFsqbYvzums3ki/Tk8FZbMzMAovPDp3OfLeYKby/D+9osokadXuYEV3OvpeHlwnr/bG8QMixA==}
    engines: {node: ^20.19.0 || >=22.12.0}
    cpu: [x64]
    os: [linux]
    libc: [glibc]

  '@rolldown/binding-linux-x64-musl@1.1.1':
    resolution: {integrity: sha512-+n46LhDrJFQM+229y4oXtVpj1G50U/+XuHMlpnisFTEXhrg9f/YIjp/HymX+PVJjBEr7XHRs3CFLelV464pqwA==}
    engines: {node: ^20.19.0 || >=22.12.0}
    cpu: [x64]
    os: [linux]
    libc: [musl]

  '@rolldown/binding-openharmony-arm64@1.1.1':
    resolution: {integrity: sha512-qGwEu47zOWYo7LdRHhCWTNhzwGtxXpdY6CERs8QEOqC0PXGGics/e3vHnyEUKt8xK6YkbZXFUCeklrpB6js8ag==}
    engines: {node: ^20.19.0 || >=22.12.0}
    cpu: [arm64]
    os: [openharmony]

  '@rolldown/binding-wasm32-wasi@1.1.1':
    resolution: {integrity: sha512-qczfgEH8u0wHGGOXtA7UMAybNKuQjjEXairyQaw4WzjiMztfbgatG1h4OKays/smhtwbWltpKCRGtVhU6h40Sg==}
    engines: {node: ^20.19.0 || >=22.12.0}
    cpu: [wasm32]

  '@rolldown/binding-win32-arm64-msvc@1.1.1':
    resolution: {integrity: sha512-4psXSh63mSbwJF+mB8/9yfUUEzBiHYcUjxa32EO9ZwKy0Ypwjcg4F10D8SvVXgd+isy2UUUjF9HJJnDu1T/4Gg==}
    engines: {node: ^20.19.0 || >=22.12.0}
    cpu: [arm64]
    os: [win32]

  '@rolldown/binding-win32-x64-msvc@1.1.1':
    resolution: {integrity: sha512-MUvC/HLXVjzkQkWiExdVTEEWf0py+GfWm8WKSZsekG3ih6a21iy0BHPF07X3JIf3ifoklZXTIaHTLPBgH1C3dw==}
    engines: {node: ^20.19.0 || >=22.12.0}
    cpu: [x64]
    os: [win32]

  '@rolldown/pluginutils@1.0.1':
    resolution: {integrity: sha512-2j9bGt5Jh8hj+vPtgzPtl72j0yRxHAyumoo6TNfAjsLB04UtpSvPbPcDcBMxz7n+9CYB0c1GxQFxYRg2jimqGw==}

  '@tybys/wasm-util@0.10.2':
    resolution: {integrity: sha512-RoBvJ2X0wuKlWFIjrwffGw1IqZHKQqzIchKaadZZfnNpsAYp2mM0h36JtPCjNDAHGgYez/15uMBpfGwchhiMgg==}

  node@runtime:26.3.0:
    resolution:
      type: variations
      variants:
        - resolution:
            archive: tarball
            bin:
              node: bin/node
            integrity: sha256-R5NBrZoQMO451k0ZLnswxxn2gNCW+LSPDPUS8kD8MoU=
            type: binary
            url: https://nodejs.org/download/release/v26.3.0/node-v26.3.0-aix-ppc64.tar.gz
          targets:
            - cpu: ppc64
              os: aix
        - resolution:
            archive: tarball
            bin:
              node: bin/node
            integrity: sha256-d+9/ehWqdXwsoZ1jz0HI2es7GFkOvGiDhxMQeH2Ma2w=
            type: binary
            url: https://nodejs.org/download/release/v26.3.0/node-v26.3.0-darwin-arm64.tar.gz
          targets:
            - cpu: arm64
              os: darwin
        - resolution:
            archive: tarball
            bin:
              node: bin/node
            integrity: sha256-dFO9VKF73GVuLnhNcC9u6yJPtReWXm+MWjGojIPTgEw=
            type: binary
            url: https://nodejs.org/download/release/v26.3.0/node-v26.3.0-darwin-x64.tar.gz
          targets:
            - cpu: x64
              os: darwin
        - resolution:
            archive: tarball
            bin:
              node: bin/node
            integrity: sha256-suAfZZBcJMtd0ZxM+/7+ARjgUEwXDMGL6sNDoqu7Wb0=
            type: binary
            url: https://nodejs.org/download/release/v26.3.0/node-v26.3.0-linux-arm64.tar.gz
          targets:
            - cpu: arm64
              os: linux
        - resolution:
            archive: tarball
            bin:
              node: bin/node
            integrity: sha256-DmzJoiNTm+AnN4hl2Vmu5Vv46UHJv2kLIIK3i/zA5O8=
            type: binary
            url: https://nodejs.org/download/release/v26.3.0/node-v26.3.0-linux-ppc64le.tar.gz
          targets:
            - cpu: ppc64le
              os: linux
        - resolution:
            archive: tarball
            bin:
              node: bin/node
            integrity: sha256-sYgOE6lXQw9FTLgrqYf8r4LMRBPHQoJ8BLtewgeZ1CY=
            type: binary
            url: https://nodejs.org/download/release/v26.3.0/node-v26.3.0-linux-s390x.tar.gz
          targets:
            - cpu: s390x
              os: linux
        - resolution:
            archive: tarball
            bin:
              node: bin/node
            integrity: sha256-puZcxlPkDBZTt3dC+RhdvOP/H5n6J0bSEb3bU1MO8gY=
            type: binary
            url: https://nodejs.org/download/release/v26.3.0/node-v26.3.0-linux-x64.tar.gz
          targets:
            - cpu: x64
              os: linux
        - resolution:
            archive: zip
            bin:
              node: node.exe
            integrity: sha256-GMUBRyLh3r2z5pNQEEOgh0hebxJ3sgx5xeyGvOYCfuA=
            prefix: node-v26.3.0-win-arm64
            type: binary
            url: https://nodejs.org/download/release/v26.3.0/node-v26.3.0-win-arm64.zip
          targets:
            - cpu: arm64
              os: win32
        - resolution:
            archive: zip
            bin:
              node: node.exe
            integrity: sha256-7G0PawVsiUmKmybE1cd6Mf0Lf+RbqKRfqH0m9mw+vOQ=
            prefix: node-v26.3.0-win-x64
            type: binary
            url: https://nodejs.org/download/release/v26.3.0/node-v26.3.0-win-x64.zip
          targets:
            - cpu: x64
              os: win32
        - resolution:
            archive: tarball
            bin:
              node: bin/node
            integrity: sha256-JIf/TwPb2JmKN3iIbVDB7l8To7nO+/o67QLDLb8eH7g=
            type: binary
            url: https://unofficial-builds.nodejs.org/download/release/v26.3.0/node-v26.3.0-linux-arm64-musl.tar.gz
          targets:
            - cpu: arm64
              os: linux
              libc: musl
        - resolution:
            archive: tarball
            bin:
              node: bin/node
            integrity: sha256-atLnwM9pP+zC/rsav3U5QCRPO6qgRiY2HtUtZIQ//Gc=
            type: binary
            url: https://unofficial-builds.nodejs.org/download/release/v26.3.0/node-v26.3.0-linux-x64-musl.tar.gz
          targets:
            - cpu: x64
              os: linux
              libc: musl
    version: 26.3.0
    hasBin: true

  rolldown@1.1.1:
    resolution: {integrity: sha512-IN750c0p+s3jqJIsFLRZrQazmbAB1kkQDTtQjSt/gbS2ywLhlv4R5Shazer0FZKmuo/BsO3/w2UoYnUjuOZqHg==}
    engines: {node: ^20.19.0 || >=22.12.0}
    hasBin: true

  tslib@2.8.1:
    resolution: {integrity: sha512-oJFu94HQb+KVduSUQL7wnpmqnfmLsOA/nAh6b6EH0wCEoK0/mPeXU6c3wKDV83MkOuHPRHtSXKKU99IBazS/2w==}

snapshots:

  '@emnapi/core@1.11.0':
    dependencies:
      '@emnapi/wasi-threads': 1.2.2
      tslib: 2.8.1
    optional: true

  '@emnapi/runtime@1.11.0':
    dependencies:
      tslib: 2.8.1
    optional: true

  '@emnapi/wasi-threads@1.2.2':
    dependencies:
      tslib: 2.8.1
    optional: true

  '@napi-rs/wasm-runtime@1.1.5(@emnapi/core@1.11.0)(@emnapi/runtime@1.11.0)':
    dependencies:
      '@emnapi/core': 1.11.0
      '@emnapi/runtime': 1.11.0
      '@tybys/wasm-util': 0.10.2
    optional: true

  '@oxc-project/types@0.135.0': {}

  '@rolldown/binding-android-arm64@1.1.1':
    optional: true

  '@rolldown/binding-darwin-arm64@1.1.1':
    optional: true

  '@rolldown/binding-darwin-x64@1.1.1':
    optional: true

  '@rolldown/binding-freebsd-x64@1.1.1':
    optional: true

  '@rolldown/binding-linux-arm-gnueabihf@1.1.1':
    optional: true

  '@rolldown/binding-linux-arm64-gnu@1.1.1':
    optional: true

  '@rolldown/binding-linux-arm64-musl@1.1.1':
    optional: true

  '@rolldown/binding-linux-ppc64-gnu@1.1.1':
    optional: true

  '@rolldown/binding-linux-s390x-gnu@1.1.1':
    optional: true

  '@rolldown/binding-linux-x64-gnu@1.1.1':
    optional: true

  '@rolldown/binding-linux-x64-musl@1.1.1':
    optional: true

  '@rolldown/binding-openharmony-arm64@1.1.1':
    optional: true

  '@rolldown/binding-wasm32-wasi@1.1.1':
    dependencies:
      '@emnapi/core': 1.11.0
      '@emnapi/runtime': 1.11.0
      '@napi-rs/wasm-runtime': 1.1.5(@emnapi/core@1.11.0)(@emnapi/runtime@1.11.0)
    optional: true

  '@rolldown/binding-win32-arm64-msvc@1.1.1':
    optional: true

  '@rolldown/binding-win32-x64-msvc@1.1.1':
    optional: true

  '@rolldown/pluginutils@1.0.1': {}

  '@tybys/wasm-util@0.10.2':
    dependencies:
      tslib: 2.8.1
    optional: true

  node@runtime:26.3.0: {}

  rolldown@1.1.1:
    dependencies:
      '@oxc-project/types': 0.135.0
      '@rolldown/pluginutils': 1.0.1
    optionalDependencies:
      '@rolldown/binding-android-arm64': 1.1.1
      '@rolldown/binding-darwin-arm64': 1.1.1
      '@rolldown/binding-darwin-x64': 1.1.1
      '@rolldown/binding-freebsd-x64': 1.1.1
      '@rolldown/binding-linux-arm-gnueabihf': 1.1.1
      '@rolldown/binding-linux-arm64-gnu': 1.1.1
      '@rolldown/binding-linux-arm64-musl': 1.1.1
      '@rolldown/binding-linux-ppc64-gnu': 1.1.1
      '@rolldown/binding-linux-s390x-gnu': 1.1.1
      '@rolldown/binding-linux-x64-gnu': 1.1.1
      '@rolldown/binding-linux-x64-musl': 1.1.1
      '@rolldown/binding-openharmony-arm64': 1.1.1
      '@rolldown/binding-wasm32-wasi': 1.1.1
      '@rolldown/binding-win32-arm64-msvc': 1.1.1
      '@rolldown/binding-win32-x64-msvc': 1.1.1

  tslib@2.8.1:
    optional: true
